{
  "originHash" : "dce720e922a72c039fcafb9396b4583713f21727aab73186f5037d45bf12b64c",
  "pins" : [
    {
      "identity" : "swift-syntax",
      "kind" : "remoteSourceControl",
      "location" : "https://github.com/swiftlang/swift-syntax",
      "state" : {
        "revision" : "ef367f7370c51200ed95b384e03d545f59c7fc98",
        "version" : "603.0.0-prerelease-2025-10-30"
      }
    }
  ],
  "version" : 3
}
